// !$*UTF8*$!
{
	archiveVersion = 1;
	classes = {
	};
	objectVersion = 70;
	objects = {

/* Begin PBXBuildFile section */
		001 /* GripGainsCompanion.swift in Sources */ = {isa = PBXBuildFile; fileRef = 101 /* GripGainsCompanion.swift */; };
		002 /* ContentView.swift in Sources */ = {isa = PBXBuildFile; fileRef = 102 /* ContentView.swift */; };
		003 /* StatusBarView.swift in Sources */ = {isa = PBXBuildFile; fileRef = 103 /* StatusBarView.swift */; };
		004 /* AppConstants.swift in Sources */ = {isa = PBXBuildFile; fileRef = 104 /* AppConstants.swift */; };
		007 /* BluetoothManager.swift in Sources */ = {isa = PBXBuildFile; fileRef = 107 /* BluetoothManager.swift */; };
		008 /* ProgressorService.swift in Sources */ = {isa = PBXBuildFile; fileRef = 108 /* ProgressorService.swift */; };
		009 /* ProgressorHandler.swift in Sources */ = {isa = PBXBuildFile; fileRef = 109 /* ProgressorHandler.swift */; };
		010 /* TimerWebView.swift in Sources */ = {isa = PBXBuildFile; fileRef = 110 /* TimerWebView.swift */; };
		011 /* WebViewCoordinator.swift in Sources */ = {isa = PBXBuildFile; fileRef = 111 /* WebViewCoordinator.swift */; };
		012 /* JavaScriptBridge.swift in Sources */ = {isa = PBXBuildFile; fileRef = 112 /* JavaScriptBridge.swift */; };
		013 /* ProgressorDevice.swift in Sources */ = {isa = PBXBuildFile; fileRef = 113 /* ProgressorDevice.swift */; };
		014 /* DeviceScannerView.swift in Sources */ = {isa = PBXBuildFile; fileRef = 115 /* DeviceScannerView.swift */; };
		015 /* SettingsView.swift in Sources */ = {isa = PBXBuildFile; fileRef = 116 /* SettingsView.swift */; };
		016 /* Assets.xcassets in Resources */ = {isa = PBXBuildFile; fileRef = 117 /* Assets.xcassets */; };
		0B462D70E3FA1E36729D704A /* ShareableRepView.swift in Sources */ = {isa = PBXBuildFile; fileRef = 614D9441976105B809189772 /* ShareableRepView.swift */; };
		37011416446AF3434D1C5369 /* SessionDetailView.swift in Sources */ = {isa = PBXBuildFile; fileRef = 473F759D263D28383DD65F85 /* SessionDetailView.swift */; };
		4CDD7A6392A974ADCC1BA4EF /* SessionPersistenceService.swift in Sources */ = {isa = PBXBuildFile; fileRef = FDE701C4BAEEA091DDA257D2 /* SessionPersistenceService.swift */; };
		51D9172BCF7811F3B48C22CA /* HistoryRepSection.swift in Sources */ = {isa = PBXBuildFile; fileRef = F8E735D81A0D94A945452C62 /* HistoryRepSection.swift */; };
		533C865FA85F1BA6AFC324D2 /* SetStatisticsTests.swift in Sources */ = {isa = PBXBuildFile; fileRef = 19ED7827705CFFA20EDCBE36 /* SetStatisticsTests.swift */; };
		7A7727023DAA001C2F657C65 /* RepLog.swift in Sources */ = {isa = PBXBuildFile; fileRef = 808323B82D7B521EFBCE4903 /* RepLog.swift */; };
		7B568597E44C895292E9C4E8 /* ShareableSetSummaryView.swift in Sources */ = {isa = PBXBuildFile; fileRef = 4599C9DEBDE2BFEFDB0C3755 /* ShareableSetSummaryView.swift */; };
		7E02DCD62EF23D4000C60B3B /* SoundManager.swift in Sources */ = {isa = PBXBuildFile; fileRef = 7E02DCD52EF23D4000C60B3B /* SoundManager.swift */; };
		7E5D1A142EF966DA001C3436 /* MockCentralManager.swift in Sources */ = {isa = PBXBuildFile; fileRef = 7E5D1A122EF966DA001C3436 /* MockCentralManager.swift */; };
		7E5D1A152EF966DA001C3436 /* BluetoothManagerTests.swift in Sources */ = {isa = PBXBuildFile; fileRef = 7E5D1A112EF966DA001C3436 /* BluetoothManagerTests.swift */; };
		7E69085E2EF5188500206778 /* GripTimerAttributes.swift in Sources */ = {isa = PBXBuildFile; fileRef = 7E69085D2EF5188500206778 /* GripTimerAttributes.swift */; };
		7E6908602EF5189300206778 /* ActivityManager.swift in Sources */ = {isa = PBXBuildFile; fileRef = 7E69085F2EF5189300206778 /* ActivityManager.swift */; };
		7E7ABC132EF3831100CC854B /* ForceGraphView.swift in Sources */ = {isa = PBXBuildFile; fileRef = 7E7ABC122EF3831100CC854B /* ForceGraphView.swift */; };
		7E7ABC152EF3831200CC854B /* ForceChartDataSource.swift in Sources */ = {isa = PBXBuildFile; fileRef = 7E7ABC142EF3831200CC854B /* ForceChartDataSource.swift */; };
		7EC12C912EF1195800A9D66C /* WeightFormatter.swift in Sources */ = {isa = PBXBuildFile; fileRef = 7EC12C8F2EF1195800A9D66C /* WeightFormatter.swift */; };
		7EC12C922EF1195800A9D66C /* Log.swift in Sources */ = {isa = PBXBuildFile; fileRef = 7EC12C8E2EF1195800A9D66C /* Log.swift */; };
		7EC12C932EF1195800A9D66C /* HapticManager.swift in Sources */ = {isa = PBXBuildFile; fileRef = 7EC12C8D2EF1195800A9D66C /* HapticManager.swift */; };
		7EC12C952EF1196000A9D66C /* StatusBarState.swift in Sources */ = {isa = PBXBuildFile; fileRef = 7EC12C942EF1196000A9D66C /* StatusBarState.swift */; };
		7EEE2BF42EF56E9800FD9EF1 /* WidgetKit.framework in Frameworks */ = {isa = PBXBuildFile; fileRef = 7EEE2BD52EF56E0000FD9EF1 /* WidgetKit.framework */; };
		7EEE2BF52EF56E9800FD9EF1 /* SwiftUI.framework in Frameworks */ = {isa = PBXBuildFile; fileRef = 7EEE2BD72EF56E0000FD9EF1 /* SwiftUI.framework */; };
		7EEE2C022EF56E9900FD9EF1 /* GripGainsTimerWidgetExtension.appex in Embed Foundation Extensions */ = {isa = PBXBuildFile; fileRef = 7EEE2BF32EF56E9800FD9EF1 /* GripGainsTimerWidgetExtension.appex */; settings = {ATTRIBUTES = (RemoveHeadersOnCopy, ); }; };
		7EEE2C082EF571D400FD9EF1 /* GripTimerAttributes.swift in Sources */ = {isa = PBXBuildFile; fileRef = 7E69085D2EF5188500206778 /* GripTimerAttributes.swift */; };
		7EF8A5DB2EF5ABA5008B9D03 /* FloatingWeightControl.swift in Sources */ = {isa = PBXBuildFile; fileRef = 7EF8A5DA2EF5ABA5008B9D03 /* FloatingWeightControl.swift */; };
		9161F5A7FE83C15854841281 /* CSVExporter.swift in Sources */ = {isa = PBXBuildFile; fileRef = E8BB91A15E6DCBC48435254B /* CSVExporter.swift */; };
		92AD2C957E72998E10EE8021 /* SessionLog.swift in Sources */ = {isa = PBXBuildFile; fileRef = 2FD7DB30FF8F6753AA77AB6D /* SessionLog.swift */; };
		94B55C388F1F3D2CD3DB23C6 /* WHC06Service.swift in Sources */ = {isa = PBXBuildFile; fileRef = C66A2864AAA43AFBAAB85C8D /* WHC06Service.swift */; };
		A0E7AA75843AEABB1967B43B /* PitchSixService.swift in Sources */ = {isa = PBXBuildFile; fileRef = 5B14E028ADA507B3BEE5EA08 /* PitchSixService.swift */; };
		A63A82AD2615FA3C87210A18 /* RepResult.swift in Sources */ = {isa = PBXBuildFile; fileRef = D56A3B12ADFD235FB29F9F0F /* RepResult.swift */; };
		A850E4862C387293311EF221 /* SetReviewSheet.swift in Sources */ = {isa = PBXBuildFile; fileRef = 573742CE59DA8C4036ED621F /* SetReviewSheet.swift */; };
		A49DD9560C6F338A2CE1388F /* RepStatisticsView.swift in Sources */ = {isa = PBXBuildFile; fileRef = EE9A504DD4A899B6E7317493 /* RepStatisticsView.swift */; };
		AA4E5487D7E8D2AEA5F5E108 /* ICloudDocumentsManager.swift in Sources */ = {isa = PBXBuildFile; fileRef = 5680F73E7A887632C8022787 /* ICloudDocumentsManager.swift */; };
		D8740AA31856AAE788289A7A /* SetStatistics.swift in Sources */ = {isa = PBXBuildFile; fileRef = 523D5FB7A3DA2D5914554AD1 /* SetStatistics.swift */; };
		DF770D9E41548B7995A24104 /* RepTracker.swift in Sources */ = {isa = PBXBuildFile; fileRef = 1C54920E66CF17AF48DD0D36 /* RepTracker.swift */; };
		E1A2B3C4D5E6F7A8B9C0D1E2 /* StatisticsUtilities.swift in Sources */ = {isa = PBXBuildFile; fileRef = F1A2B3C4D5E6F7A8B9C0D1E2 /* StatisticsUtilities.swift */; };
		E2B3C4D5E6F7A8B9C0D1E3F4 /* TimestampedSample.swift in Sources */ = {isa = PBXBuildFile; fileRef = F2B3C4D5E6F7A8B9C0D1E3F4 /* TimestampedSample.swift */; };
		E6639698A6C48493DA681EBC /* ImageShareUtility.swift in Sources */ = {isa = PBXBuildFile; fileRef = F3CE352FC93535B55D635BEE /* ImageShareUtility.swift */; };
		EF20206F66B56571B2FD74DC /* SessionHistoryView.swift in Sources */ = {isa = PBXBuildFile; fileRef = 04B4FF0C8DB0F7D27D60CDEB /* SessionHistoryView.swift */; };
		T001 /* WeightFormatterTests.swift in Sources */ = {isa = PBXBuildFile; fileRef = T101 /* WeightFormatterTests.swift */; };
		T002 /* ProgressorHandlerTests.swift in Sources */ = {isa = PBXBuildFile; fileRef = T102 /* ProgressorHandlerTests.swift */; };
		T003 /* WebViewCoordinatorTests.swift in Sources */ = {isa = PBXBuildFile; fileRef = T103 /* WebViewCoordinatorTests.swift */; };
		T004 /* StatisticsUtilitiesTests.swift in Sources */ = {isa = PBXBuildFile; fileRef = T104 /* StatisticsUtilitiesTests.swift */; };
		T005 /* RepResultTests.swift in Sources */ = {isa = PBXBuildFile; fileRef = T105 /* RepResultTests.swift */; };
/* End PBXBuildFile section */

/* Begin PBXContainerItemProxy section */
		7EEE2C002EF56E9900FD9EF1 /* PBXContainerItemProxy */ = {
			isa = PBXContainerItemProxy;
			containerPortal = 600 /* Project object */;
			proxyType = 1;
			remoteGlobalIDString = 7EEE2BF22EF56E9800FD9EF1;
			remoteInfo = GripGainsTimerWidgetExtension;
		};
		T200 /* PBXContainerItemProxy */ = {
			isa = PBXContainerItemProxy;
			containerPortal = 600 /* Project object */;
			proxyType = 1;
			remoteGlobalIDString = 400;
			remoteInfo = GripGainsCompanion;
		};
/* End PBXContainerItemProxy section */

/* Begin PBXCopyFilesBuildPhase section */
		7EEE2BEA2EF56E0100FD9EF1 /* Embed Foundation Extensions */ = {
			isa = PBXCopyFilesBuildPhase;
			buildActionMask = 2147483647;
			dstPath = "";
			dstSubfolderSpec = 13;
			files = (
				7EEE2C022EF56E9900FD9EF1 /* GripGainsTimerWidgetExtension.appex in Embed Foundation Extensions */,
			);
			name = "Embed Foundation Extensions";
			runOnlyForDeploymentPostprocessing = 0;
		};
/* End PBXCopyFilesBuildPhase section */

/* Begin PBXFileReference section */
		04B4FF0C8DB0F7D27D60CDEB /* SessionHistoryView.swift */ = {isa = PBXFileReference; includeInIndex = 1; lastKnownFileType = sourcecode.swift; path = SessionHistoryView.swift; sourceTree = "<group>"; };
		100 /* GripGainsCompanion.app */ = {isa = PBXFileReference; explicitFileType = wrapper.application; includeInIndex = 0; path = GripGainsCompanion.app; sourceTree = BUILT_PRODUCTS_DIR; };
		101 /* GripGainsCompanion.swift */ = {isa = PBXFileReference; lastKnownFileType = sourcecode.swift; path = GripGainsCompanion.swift; sourceTree = "<group>"; };
		102 /* ContentView.swift */ = {isa = PBXFileReference; lastKnownFileType = sourcecode.swift; path = ContentView.swift; sourceTree = "<group>"; };
		103 /* StatusBarView.swift */ = {isa = PBXFileReference; lastKnownFileType = sourcecode.swift; path = StatusBarView.swift; sourceTree = "<group>"; };
		104 /* AppConstants.swift */ = {isa = PBXFileReference; lastKnownFileType = sourcecode.swift; path = AppConstants.swift; sourceTree = "<group>"; };
		107 /* BluetoothManager.swift */ = {isa = PBXFileReference; lastKnownFileType = sourcecode.swift; path = BluetoothManager.swift; sourceTree = "<group>"; };
		108 /* ProgressorService.swift */ = {isa = PBXFileReference; lastKnownFileType = sourcecode.swift; path = ProgressorService.swift; sourceTree = "<group>"; };
		109 /* ProgressorHandler.swift */ = {isa = PBXFileReference; lastKnownFileType = sourcecode.swift; path = ProgressorHandler.swift; sourceTree = "<group>"; };
		110 /* TimerWebView.swift */ = {isa = PBXFileReference; lastKnownFileType = sourcecode.swift; path = TimerWebView.swift; sourceTree = "<group>"; };
		111 /* WebViewCoordinator.swift */ = {isa = PBXFileReference; lastKnownFileType = sourcecode.swift; path = WebViewCoordinator.swift; sourceTree = "<group>"; };
		112 /* JavaScriptBridge.swift */ = {isa = PBXFileReference; lastKnownFileType = sourcecode.swift; path = JavaScriptBridge.swift; sourceTree = "<group>"; };
		113 /* ProgressorDevice.swift */ = {isa = PBXFileReference; lastKnownFileType = sourcecode.swift; path = ProgressorDevice.swift; sourceTree = "<group>"; };
		114 /* Info.plist */ = {isa = PBXFileReference; lastKnownFileType = text.plist.xml; path = Info.plist; sourceTree = "<group>"; };
		115 /* DeviceScannerView.swift */ = {isa = PBXFileReference; lastKnownFileType = sourcecode.swift; path = DeviceScannerView.swift; sourceTree = "<group>"; };
		116 /* SettingsView.swift */ = {isa = PBXFileReference; lastKnownFileType = sourcecode.swift; path = SettingsView.swift; sourceTree = "<group>"; };
		117 /* Assets.xcassets */ = {isa = PBXFileReference; lastKnownFileType = folder.assetcatalog; path = Assets.xcassets; sourceTree = "<group>"; };
		19ED7827705CFFA20EDCBE36 /* SetStatisticsTests.swift */ = {isa = PBXFileReference; includeInIndex = 1; lastKnownFileType = sourcecode.swift; path = SetStatisticsTests.swift; sourceTree = "<group>"; };
		1C54920E66CF17AF48DD0D36 /* RepTracker.swift */ = {isa = PBXFileReference; includeInIndex = 1; lastKnownFileType = sourcecode.swift; path = RepTracker.swift; sourceTree = "<group>"; };
		2FD7DB30FF8F6753AA77AB6D /* SessionLog.swift */ = {isa = PBXFileReference; includeInIndex = 1; lastKnownFileType = sourcecode.swift; path = SessionLog.swift; sourceTree = "<group>"; };
		4599C9DEBDE2BFEFDB0C3755 /* ShareableSetSummaryView.swift */ = {isa = PBXFileReference; includeInIndex = 1; lastKnownFileType = sourcecode.swift; path = ShareableSetSummaryView.swift; sourceTree = "<group>"; };
		473F759D263D28383DD65F85 /* SessionDetailView.swift */ = {isa = PBXFileReference; includeInIndex = 1; lastKnownFileType = sourcecode.swift; path = SessionDetailView.swift; sourceTree = "<group>"; };
		523D5FB7A3DA2D5914554AD1 /* SetStatistics.swift */ = {isa = PBXFileReference; includeInIndex = 1; lastKnownFileType = sourcecode.swift; path = SetStatistics.swift; sourceTree = "<group>"; };
		5680F73E7A887632C8022787 /* ICloudDocumentsManager.swift */ = {isa = PBXFileReference; includeInIndex = 1; lastKnownFileType = sourcecode.swift; path = ICloudDocumentsManager.swift; sourceTree = "<group>"; };
		573742CE59DA8C4036ED621F /* SetReviewSheet.swift */ = {isa = PBXFileReference; includeInIndex = 1; lastKnownFileType = sourcecode.swift; path = SetReviewSheet.swift; sourceTree = "<group>"; };
		EE9A504DD4A899B6E7317493 /* RepStatisticsView.swift */ = {isa = PBXFileReference; includeInIndex = 1; lastKnownFileType = sourcecode.swift; path = RepStatisticsView.swift; sourceTree = "<group>"; };
		5B14E028ADA507B3BEE5EA08 /* PitchSixService.swift */ = {isa = PBXFileReference; includeInIndex = 1; lastKnownFileType = sourcecode.swift; path = PitchSixService.swift; sourceTree = "<group>"; };
		614D9441976105B809189772 /* ShareableRepView.swift */ = {isa = PBXFileReference; includeInIndex = 1; lastKnownFileType = sourcecode.swift; path = ShareableRepView.swift; sourceTree = "<group>"; };
		7E02DCD52EF23D4000C60B3B /* SoundManager.swift */ = {isa = PBXFileReference; lastKnownFileType = sourcecode.swift; path = SoundManager.swift; sourceTree = "<group>"; };
		7E5D1A112EF966DA001C3436 /* BluetoothManagerTests.swift */ = {isa = PBXFileReference; lastKnownFileType = sourcecode.swift; path = BluetoothManagerTests.swift; sourceTree = "<group>"; };
		7E5D1A122EF966DA001C3436 /* MockCentralManager.swift */ = {isa = PBXFileReference; lastKnownFileType = sourcecode.swift; path = MockCentralManager.swift; sourceTree = "<group>"; };
		7E6095DE2F2EEF1E003594D8 /* GripGainsCompanion.entitlements */ = {isa = PBXFileReference; lastKnownFileType = text.plist.entitlements; path = GripGainsCompanion.entitlements; sourceTree = "<group>"; };
		7E69085D2EF5188500206778 /* GripTimerAttributes.swift */ = {isa = PBXFileReference; lastKnownFileType = sourcecode.swift; path = GripTimerAttributes.swift; sourceTree = "<group>"; };
		7E69085F2EF5189300206778 /* ActivityManager.swift */ = {isa = PBXFileReference; lastKnownFileType = sourcecode.swift; path = ActivityManager.swift; sourceTree = "<group>"; };
		7E7ABC122EF3831100CC854B /* ForceGraphView.swift */ = {isa = PBXFileReference; lastKnownFileType = sourcecode.swift; path = ForceGraphView.swift; sourceTree = "<group>"; };
		7E7ABC142EF3831200CC854B /* ForceChartDataSource.swift */ = {isa = PBXFileReference; lastKnownFileType = sourcecode.swift; path = ForceChartDataSource.swift; sourceTree = "<group>"; };
		7EC12C8D2EF1195800A9D66C /* HapticManager.swift */ = {isa = PBXFileReference; lastKnownFileType = sourcecode.swift; path = HapticManager.swift; sourceTree = "<group>"; };
		7EC12C8E2EF1195800A9D66C /* Log.swift */ = {isa = PBXFileReference; lastKnownFileType = sourcecode.swift; path = Log.swift; sourceTree = "<group>"; };
		7EC12C8F2EF1195800A9D66C /* WeightFormatter.swift */ = {isa = PBXFileReference; lastKnownFileType = sourcecode.swift; path = WeightFormatter.swift; sourceTree = "<group>"; };
		7EC12C942EF1196000A9D66C /* StatusBarState.swift */ = {isa = PBXFileReference; lastKnownFileType = sourcecode.swift; path = StatusBarState.swift; sourceTree = "<group>"; };
		7EEE2BD52EF56E0000FD9EF1 /* WidgetKit.framework */ = {isa = PBXFileReference; lastKnownFileType = wrapper.framework; name = WidgetKit.framework; path = System/Library/Frameworks/WidgetKit.framework; sourceTree = SDKROOT; };
		7EEE2BD72EF56E0000FD9EF1 /* SwiftUI.framework */ = {isa = PBXFileReference; lastKnownFileType = wrapper.framework; name = SwiftUI.framework; path = System/Library/Frameworks/SwiftUI.framework; sourceTree = SDKROOT; };
		7EEE2BF32EF56E9800FD9EF1 /* GripGainsTimerWidgetExtension.appex */ = {isa = PBXFileReference; explicitFileType = "wrapper.app-extension"; includeInIndex = 0; path = GripGainsTimerWidgetExtension.appex; sourceTree = BUILT_PRODUCTS_DIR; };
		7EF8A5DA2EF5ABA5008B9D03 /* FloatingWeightControl.swift */ = {isa = PBXFileReference; lastKnownFileType = sourcecode.swift; path = FloatingWeightControl.swift; sourceTree = "<group>"; };
		808323B82D7B521EFBCE4903 /* RepLog.swift */ = {isa = PBXFileReference; includeInIndex = 1; lastKnownFileType = sourcecode.swift; path = RepLog.swift; sourceTree = "<group>"; };
		C66A2864AAA43AFBAAB85C8D /* WHC06Service.swift */ = {isa = PBXFileReference; includeInIndex = 1; lastKnownFileType = sourcecode.swift; path = WHC06Service.swift; sourceTree = "<group>"; };
		D56A3B12ADFD235FB29F9F0F /* RepResult.swift */ = {isa = PBXFileReference; includeInIndex = 1; lastKnownFileType = sourcecode.swift; path = RepResult.swift; sourceTree = "<group>"; };
		E8BB91A15E6DCBC48435254B /* CSVExporter.swift */ = {isa = PBXFileReference; includeInIndex = 1; lastKnownFileType = sourcecode.swift; path = CSVExporter.swift; sourceTree = "<group>"; };
		F1A2B3C4D5E6F7A8B9C0D1E2 /* StatisticsUtilities.swift */ = {isa = PBXFileReference; includeInIndex = 1; lastKnownFileType = sourcecode.swift; path = StatisticsUtilities.swift; sourceTree = "<group>"; };
		F2B3C4D5E6F7A8B9C0D1E3F4 /* TimestampedSample.swift */ = {isa = PBXFileReference; includeInIndex = 1; lastKnownFileType = sourcecode.swift; path = TimestampedSample.swift; sourceTree = "<group>"; };
		F3CE352FC93535B55D635BEE /* ImageShareUtility.swift */ = {isa = PBXFileReference; includeInIndex = 1; lastKnownFileType = sourcecode.swift; path = ImageShareUtility.swift; sourceTree = "<group>"; };
		F8E735D81A0D94A945452C62 /* HistoryRepSection.swift */ = {isa = PBXFileReference; includeInIndex = 1; lastKnownFileType = sourcecode.swift; path = HistoryRepSection.swift; sourceTree = "<group>"; };
		FDE701C4BAEEA091DDA257D2 /* SessionPersistenceService.swift */ = {isa = PBXFileReference; includeInIndex = 1; lastKnownFileType = sourcecode.swift; path = SessionPersistenceService.swift; sourceTree = "<group>"; };
		T100 /* GripGainsCompanionTests.xctest */ = {isa = PBXFileReference; explicitFileType = wrapper.cfbundle; includeInIndex = 0; path = GripGainsCompanionTests.xctest; sourceTree = BUILT_PRODUCTS_DIR; };
		T101 /* WeightFormatterTests.swift */ = {isa = PBXFileReference; lastKnownFileType = sourcecode.swift; path = WeightFormatterTests.swift; sourceTree = "<group>"; };
		T102 /* ProgressorHandlerTests.swift */ = {isa = PBXFileReference; lastKnownFileType = sourcecode.swift; path = ProgressorHandlerTests.swift; sourceTree = "<group>"; };
		T103 /* WebViewCoordinatorTests.swift */ = {isa = PBXFileReference; lastKnownFileType = sourcecode.swift; path = WebViewCoordinatorTests.swift; sourceTree = "<group>"; };
		T104 /* StatisticsUtilitiesTests.swift */ = {isa = PBXFileReference; lastKnownFileType = sourcecode.swift; path = StatisticsUtilitiesTests.swift; sourceTree = "<group>"; };
		T105 /* RepResultTests.swift */ = {isa = PBXFileReference; lastKnownFileType = sourcecode.swift; path = RepResultTests.swift; sourceTree = "<group>"; };
/* End PBXFileReference section */

/* Begin PBXFileSystemSynchronizedBuildFileExceptionSet section */
		7EEE2C032EF56E9900FD9EF1 /* PBXFileSystemSynchronizedBuildFileExceptionSet */ = {
			isa = PBXFileSystemSynchronizedBuildFileExceptionSet;
			membershipExceptions = (
				Info.plist,
			);
			target = 7EEE2BF22EF56E9800FD9EF1 /* GripGainsTimerWidgetExtension */;
		};
/* End PBXFileSystemSynchronizedBuildFileExceptionSet section */

/* Begin PBXFileSystemSynchronizedRootGroup section */
		7EEE2BF62EF56E9800FD9EF1 /* GripGainsTimerWidget */ = {isa = PBXFileSystemSynchronizedRootGroup; exceptions = (7EEE2C032EF56E9900FD9EF1 /* PBXFileSystemSynchronizedBuildFileExceptionSet */, ); explicitFileTypes = {}; explicitFolders = (); path = GripGainsTimerWidget; sourceTree = "<group>"; };
/* End PBXFileSystemSynchronizedRootGroup section */

/* Begin PBXFrameworksBuildPhase section */
		200 /* Frameworks */ = {
			isa = PBXFrameworksBuildPhase;
			buildActionMask = 2147483647;
			files = (
			);
			runOnlyForDeploymentPostprocessing = 0;
		};
		7EEE2BF02EF56E9800FD9EF1 /* Frameworks */ = {
			isa = PBXFrameworksBuildPhase;
			buildActionMask = 2147483647;
			files = (
				7EEE2BF52EF56E9800FD9EF1 /* SwiftUI.framework in Frameworks */,
				7EEE2BF42EF56E9800FD9EF1 /* WidgetKit.framework in Frameworks */,
			);
			runOnlyForDeploymentPostprocessing = 0;
		};
		T201 /* Frameworks */ = {
			isa = PBXFrameworksBuildPhase;
			buildActionMask = 2147483647;
			files = (
			);
			runOnlyForDeploymentPostprocessing = 0;
		};
/* End PBXFrameworksBuildPhase section */

/* Begin PBXGroup section */
		300 = {
			isa = PBXGroup;
			children = (
				301 /* GripGainsCompanion */,
				T300 /* GripGainsCompanionTests */,
				7EEE2BF62EF56E9800FD9EF1 /* GripGainsTimerWidget */,
				7EEE2BD42EF56E0000FD9EF1 /* Frameworks */,
				302 /* Products */,
			);
			sourceTree = "<group>";
		};
		301 /* GripGainsCompanion */ = {
			isa = PBXGroup;
			children = (
				7E6095DE2F2EEF1E003594D8 /* GripGainsCompanion.entitlements */,
				117 /* Assets.xcassets */,
				7EC12C902EF1195800A9D66C /* Utils */,
				101 /* GripGainsCompanion.swift */,
				114 /* Info.plist */,
				303 /* Config */,
				304 /* Models */,
				305 /* Services */,
				306 /* Views */,
			);
			path = GripGainsCompanion;
			sourceTree = "<group>";
		};
		302 /* Products */ = {
			isa = PBXGroup;
			children = (
				100 /* GripGainsCompanion.app */,
				T100 /* GripGainsCompanionTests.xctest */,
				7EEE2BF32EF56E9800FD9EF1 /* GripGainsTimerWidgetExtension.appex */,
			);
			name = Products;
			sourceTree = "<group>";
		};
		303 /* Config */ = {
			isa = PBXGroup;
			children = (
				104 /* AppConstants.swift */,
			);
			path = Config;
			sourceTree = "<group>";
		};
		304 /* Models */ = {
			isa = PBXGroup;
			children = (
				7E69085D2EF5188500206778 /* GripTimerAttributes.swift */,
				113 /* ProgressorDevice.swift */,
				7EC12C942EF1196000A9D66C /* StatusBarState.swift */,
				F2B3C4D5E6F7A8B9C0D1E3F4 /* TimestampedSample.swift */,
				D56A3B12ADFD235FB29F9F0F /* RepResult.swift */,
				523D5FB7A3DA2D5914554AD1 /* SetStatistics.swift */,
				32C42364B942CE0CA9E76C61 /* Persistence */,
			);
			path = Models;
			sourceTree = "<group>";
		};
		305 /* Services */ = {
			isa = PBXGroup;
			children = (
				7E69085F2EF5189300206778 /* ActivityManager.swift */,
				307 /* BLE */,
				308 /* Web */,
				1C54920E66CF17AF48DD0D36 /* RepTracker.swift */,
				FDE701C4BAEEA091DDA257D2 /* SessionPersistenceService.swift */,
				E8BB91A15E6DCBC48435254B /* CSVExporter.swift */,
				5680F73E7A887632C8022787 /* ICloudDocumentsManager.swift */,
			);
			path = Services;
			sourceTree = "<group>";
		};
		306 /* Views */ = {
			isa = PBXGroup;
			children = (
				7EF8A5DA2EF5ABA5008B9D03 /* FloatingWeightControl.swift */,
				7E7ABC142EF3831200CC854B /* ForceChartDataSource.swift */,
				7E7ABC122EF3831100CC854B /* ForceGraphView.swift */,
				102 /* ContentView.swift */,
				103 /* StatusBarView.swift */,
				115 /* DeviceScannerView.swift */,
				116 /* SettingsView.swift */,
				573742CE59DA8C4036ED621F /* SetReviewSheet.swift */,
				EE9A504DD4A899B6E7317493 /* RepStatisticsView.swift */,
				614D9441976105B809189772 /* ShareableRepView.swift */,
				4599C9DEBDE2BFEFDB0C3755 /* ShareableSetSummaryView.swift */,
				A1CCBE13211E2CABD20D21DD /* History */,
			);
			path = Views;
			sourceTree = "<group>";
		};
		307 /* BLE */ = {
			isa = PBXGroup;
			children = (
				107 /* BluetoothManager.swift */,
				108 /* ProgressorService.swift */,
				109 /* ProgressorHandler.swift */,
				5B14E028ADA507B3BEE5EA08 /* PitchSixService.swift */,
				C66A2864AAA43AFBAAB85C8D /* WHC06Service.swift */,
			);
			path = BLE;
			sourceTree = "<group>";
		};
		308 /* Web */ = {
			isa = PBXGroup;
			children = (
				110 /* TimerWebView.swift */,
				111 /* WebViewCoordinator.swift */,
				112 /* JavaScriptBridge.swift */,
			);
			path = Web;
			sourceTree = "<group>";
		};
		32C42364B942CE0CA9E76C61 /* Persistence */ = {
			isa = PBXGroup;
			children = (
				2FD7DB30FF8F6753AA77AB6D /* SessionLog.swift */,
				808323B82D7B521EFBCE4903 /* RepLog.swift */,
			);
			name = Persistence;
			path = GripGainsCompanion/Models/Persistence;
			sourceTree = SOURCE_ROOT;
		};
		7E5D1A132EF966DA001C3436 /* Mocks */ = {
			isa = PBXGroup;
			children = (
				7E5D1A122EF966DA001C3436 /* MockCentralManager.swift */,
			);
			path = Mocks;
			sourceTree = "<group>";
		};
		7EC12C902EF1195800A9D66C /* Utils */ = {
			isa = PBXGroup;
			children = (
				7E02DCD52EF23D4000C60B3B /* SoundManager.swift */,
				7EC12C8D2EF1195800A9D66C /* HapticManager.swift */,
				7EC12C8E2EF1195800A9D66C /* Log.swift */,
				7EC12C8F2EF1195800A9D66C /* WeightFormatter.swift */,
				F1A2B3C4D5E6F7A8B9C0D1E2 /* StatisticsUtilities.swift */,
				F3CE352FC93535B55D635BEE /* ImageShareUtility.swift */,
			);
			path = Utils;
			sourceTree = "<group>";
		};
		7EEE2BD42EF56E0000FD9EF1 /* Frameworks */ = {
			isa = PBXGroup;
			children = (
				7EEE2BD52EF56E0000FD9EF1 /* WidgetKit.framework */,
				7EEE2BD72EF56E0000FD9EF1 /* SwiftUI.framework */,
			);
			name = Frameworks;
			sourceTree = "<group>";
		};
		A1CCBE13211E2CABD20D21DD /* History */ = {
			isa = PBXGroup;
			children = (
				04B4FF0C8DB0F7D27D60CDEB /* SessionHistoryView.swift */,
				473F759D263D28383DD65F85 /* SessionDetailView.swift */,
				F8E735D81A0D94A945452C62 /* HistoryRepSection.swift */,
			);
			name = History;
			path = GripGainsCompanion/Views/History;
			sourceTree = SOURCE_ROOT;
		};
		T300 /* GripGainsCompanionTests */ = {
			isa = PBXGroup;
			children = (
				7E5D1A112EF966DA001C3436 /* BluetoothManagerTests.swift */,
				7E5D1A132EF966DA001C3436 /* Mocks */,
				T101 /* WeightFormatterTests.swift */,
				T102 /* ProgressorHandlerTests.swift */,
				T103 /* WebViewCoordinatorTests.swift */,
				T104 /* StatisticsUtilitiesTests.swift */,
				T105 /* RepResultTests.swift */,
				19ED7827705CFFA20EDCBE36 /* SetStatisticsTests.swift */,
			);
			path = GripGainsCompanionTests;
			sourceTree = "<group>";
		};
/* End PBXGroup section */

/* Begin PBXNativeTarget section */
		400 /* GripGainsCompanion */ = {
			isa = PBXNativeTarget;
			buildConfigurationList = 500 /* Build configuration list for PBXNativeTarget "GripGainsCompanion" */;
			buildPhases = (
				401 /* Sources */,
				200 /* Frameworks */,
				402 /* Resources */,
				7EEE2BEA2EF56E0100FD9EF1 /* Embed Foundation Extensions */,
			);
			buildRules = (
			);
			dependencies = (
				7EEE2C012EF56E9900FD9EF1 /* PBXTargetDependency */,
			);
			name = GripGainsCompanion;
			productName = GripGainsCompanion;
			productReference = 100 /* GripGainsCompanion.app */;
			productType = "com.apple.product-type.application";
		};
		7EEE2BF22EF56E9800FD9EF1 /* GripGainsTimerWidgetExtension */ = {
			isa = PBXNativeTarget;
			buildConfigurationList = 7EEE2C042EF56E9900FD9EF1 /* Build configuration list for PBXNativeTarget "GripGainsTimerWidgetExtension" */;
			buildPhases = (
				7EEE2BEF2EF56E9800FD9EF1 /* Sources */,
				7EEE2BF02EF56E9800FD9EF1 /* Frameworks */,
				7EEE2BF12EF56E9800FD9EF1 /* Resources */,
			);
			buildRules = (
			);
			dependencies = (
			);
			fileSystemSynchronizedGroups = (
				7EEE2BF62EF56E9800FD9EF1 /* GripGainsTimerWidget */,
			);
			name = GripGainsTimerWidgetExtension;
			productName = GripGainsTimerWidgetExtension;
			productReference = 7EEE2BF32EF56E9800FD9EF1 /* GripGainsTimerWidgetExtension.appex */;
			productType = "com.apple.product-type.app-extension";
		};
		T400 /* GripGainsCompanionTests */ = {
			isa = PBXNativeTarget;
			buildConfigurationList = T500 /* Build configuration list for PBXNativeTarget "GripGainsCompanionTests" */;
			buildPhases = (
				T401 /* Sources */,
				T201 /* Frameworks */,
				T402 /* Resources */,
			);
			buildRules = (
			);
			dependencies = (
				T202 /* PBXTargetDependency */,
			);
			name = GripGainsCompanionTests;
			productName = GripGainsCompanionTests;
			productReference = T100 /* GripGainsCompanionTests.xctest */;
			productType = "com.apple.product-type.bundle.unit-test";
		};
/* End PBXNativeTarget section */

/* Begin PBXProject section */
		600 /* Project object */ = {
			isa = PBXProject;
			attributes = {
				BuildIndependentTargetsInParallel = 1;
				LastSwiftUpdateCheck = 2620;
				LastUpgradeCheck = 2610;
				TargetAttributes = {
					400 = {
						CreatedOnToolsVersion = 15.0;
					};
					7EEE2BF22EF56E9800FD9EF1 = {
						CreatedOnToolsVersion = 26.2;
					};
					T400 = {
						CreatedOnToolsVersion = 15.0;
						TestTargetID = 400;
					};
				};
			};
			buildConfigurationList = 601 /* Build configuration list for PBXProject "GripGainsCompanion" */;
			compatibilityVersion = "Xcode 14.0";
			developmentRegion = en;
			hasScannedForEncodings = 0;
			knownRegions = (
				en,
				Base,
			);
			mainGroup = 300;
			productRefGroup = 302 /* Products */;
			projectDirPath = "";
			projectRoot = "";
			targets = (
				400 /* GripGainsCompanion */,
				T400 /* GripGainsCompanionTests */,
				7EEE2BF22EF56E9800FD9EF1 /* GripGainsTimerWidgetExtension */,
			);
		};
/* End PBXProject section */

/* Begin PBXResourcesBuildPhase section */
		402 /* Resources */ = {
			isa = PBXResourcesBuildPhase;
			buildActionMask = 2147483647;
			files = (
				016 /* Assets.xcassets in Resources */,
			);
			runOnlyForDeploymentPostprocessing = 0;
		};
		7EEE2BF12EF56E9800FD9EF1 /* Resources */ = {
			isa = PBXResourcesBuildPhase;
			buildActionMask = 2147483647;
			files = (
			);
			runOnlyForDeploymentPostprocessing = 0;
		};
		T402 /* Resources */ = {
			isa = PBXResourcesBuildPhase;
			buildActionMask = 2147483647;
			files = (
			);
			runOnlyForDeploymentPostprocessing = 0;
		};
/* End PBXResourcesBuildPhase section */

/* Begin PBXSourcesBuildPhase section */
		401 /* Sources */ = {
			isa = PBXSourcesBuildPhase;
			buildActionMask = 2147483647;
			files = (
				001 /* GripGainsCompanion.swift in Sources */,
				002 /* ContentView.swift in Sources */,
				7E69085E2EF5188500206778 /* GripTimerAttributes.swift in Sources */,
				7E7ABC152EF3831200CC854B /* ForceChartDataSource.swift in Sources */,
				7E7ABC132EF3831100CC854B /* ForceGraphView.swift in Sources */,
				003 /* StatusBarView.swift in Sources */,
				004 /* AppConstants.swift in Sources */,
				007 /* BluetoothManager.swift in Sources */,
				008 /* ProgressorService.swift in Sources */,
				7E6908602EF5189300206778 /* ActivityManager.swift in Sources */,
				009 /* ProgressorHandler.swift in Sources */,
				7EC12C912EF1195800A9D66C /* WeightFormatter.swift in Sources */,
				7EC12C922EF1195800A9D66C /* Log.swift in Sources */,
				7EC12C932EF1195800A9D66C /* HapticManager.swift in Sources */,
				010 /* TimerWebView.swift in Sources */,
				011 /* WebViewCoordinator.swift in Sources */,
				012 /* JavaScriptBridge.swift in Sources */,
				013 /* ProgressorDevice.swift in Sources */,
				7EF8A5DB2EF5ABA5008B9D03 /* FloatingWeightControl.swift in Sources */,
				7EC12C952EF1196000A9D66C /* StatusBarState.swift in Sources */,
				014 /* DeviceScannerView.swift in Sources */,
				015 /* SettingsView.swift in Sources */,
				7E02DCD62EF23D4000C60B3B /* SoundManager.swift in Sources */,
				E2B3C4D5E6F7A8B9C0D1E3F4 /* TimestampedSample.swift in Sources */,
				A63A82AD2615FA3C87210A18 /* RepResult.swift in Sources */,
				D8740AA31856AAE788289A7A /* SetStatistics.swift in Sources */,
				DF770D9E41548B7995A24104 /* RepTracker.swift in Sources */,
				A850E4862C387293311EF221 /* SetReviewSheet.swift in Sources */,
				A49DD9560C6F338A2CE1388F /* RepStatisticsView.swift in Sources */,
				E1A2B3C4D5E6F7A8B9C0D1E2 /* StatisticsUtilities.swift in Sources */,
				0B462D70E3FA1E36729D704A /* ShareableRepView.swift in Sources */,
				7B568597E44C895292E9C4E8 /* ShareableSetSummaryView.swift in Sources */,
				E6639698A6C48493DA681EBC /* ImageShareUtility.swift in Sources */,
				A0E7AA75843AEABB1967B43B /* PitchSixService.swift in Sources */,
				94B55C388F1F3D2CD3DB23C6 /* WHC06Service.swift in Sources */,
				92AD2C957E72998E10EE8021 /* SessionLog.swift in Sources */,
				7A7727023DAA001C2F657C65 /* RepLog.swift in Sources */,
				4CDD7A6392A974ADCC1BA4EF /* SessionPersistenceService.swift in Sources */,
				9161F5A7FE83C15854841281 /* CSVExporter.swift in Sources */,
				EF20206F66B56571B2FD74DC /* SessionHistoryView.swift in Sources */,
				37011416446AF3434D1C5369 /* SessionDetailView.swift in Sources */,
				51D9172BCF7811F3B48C22CA /* HistoryRepSection.swift in Sources */,
				AA4E5487D7E8D2AEA5F5E108 /* ICloudDocumentsManager.swift in Sources */,
			);
			runOnlyForDeploymentPostprocessing = 0;
		};
		7EEE2BEF2EF56E9800FD9EF1 /* Sources */ = {
			isa = PBXSourcesBuildPhase;
			buildActionMask = 2147483647;
			files = (
				7EEE2C082EF571D400FD9EF1 /* GripTimerAttributes.swift in Sources */,
			);
			runOnlyForDeploymentPostprocessing = 0;
		};
		T401 /* Sources */ = {
			isa = PBXSourcesBuildPhase;
			buildActionMask = 2147483647;
			files = (
				T001 /* WeightFormatterTests.swift in Sources */,
				T002 /* ProgressorHandlerTests.swift in Sources */,
				T003 /* WebViewCoordinatorTests.swift in Sources */,
				T004 /* StatisticsUtilitiesTests.swift in Sources */,
				T005 /* RepResultTests.swift in Sources */,
				7E5D1A142EF966DA001C3436 /* MockCentralManager.swift in Sources */,
				7E5D1A152EF966DA001C3436 /* BluetoothManagerTests.swift in Sources */,
				533C865FA85F1BA6AFC324D2 /* SetStatisticsTests.swift in Sources */,
			);
			runOnlyForDeploymentPostprocessing = 0;
		};
/* End PBXSourcesBuildPhase section */

/* Begin PBXTargetDependency section */
		7EEE2C012EF56E9900FD9EF1 /* PBXTargetDependency */ = {
			isa = PBXTargetDependency;
			target = 7EEE2BF22EF56E9800FD9EF1 /* GripGainsTimerWidgetExtension */;
			targetProxy = 7EEE2C002EF56E9900FD9EF1 /* PBXContainerItemProxy */;
		};
		T202 /* PBXTargetDependency */ = {
			isa = PBXTargetDependency;
			target = 400 /* GripGainsCompanion */;
			targetProxy = T200 /* PBXContainerItemProxy */;
		};
/* End PBXTargetDependency section */

/* Begin XCBuildConfiguration section */
		700 /* Debug */ = {
			isa = XCBuildConfiguration;
			buildSettings = {
				ALWAYS_SEARCH_USER_PATHS = NO;
				ASSETCATALOG_COMPILER_GENERATE_SWIFT_ASSET_SYMBOL_EXTENSIONS = YES;
				CLANG_ANALYZER_NONNULL = YES;
				CLANG_ANALYZER_NUMBER_OBJECT_CONVERSION = YES_AGGRESSIVE;
				CLANG_CXX_LANGUAGE_STANDARD = "gnu++20";
				CLANG_ENABLE_MODULES = YES;
				CLANG_ENABLE_OBJC_ARC = YES;
				CLANG_ENABLE_OBJC_WEAK = YES;
				CLANG_WARN_BLOCK_CAPTURE_AUTORELEASING = YES;
				CLANG_WARN_BOOL_CONVERSION = YES;
				CLANG_WARN_COMMA = YES;
				CLANG_WARN_CONSTANT_CONVERSION = YES;
				CLANG_WARN_DEPRECATED_OBJC_IMPLEMENTATIONS = YES;
				CLANG_WARN_DIRECT_OBJC_ISA_USAGE = YES_ERROR;
				CLANG_WARN_DOCUMENTATION_COMMENTS = YES;
				CLANG_WARN_EMPTY_BODY = YES;
				CLANG_WARN_ENUM_CONVERSION = YES;
				CLANG_WARN_INFINITE_RECURSION = YES;
				CLANG_WARN_INT_CONVERSION = YES;
				CLANG_WARN_NON_LITERAL_NULL_CONVERSION = YES;
				CLANG_WARN_OBJC_IMPLICIT_RETAIN_SELF = YES;
				CLANG_WARN_OBJC_LITERAL_CONVERSION = YES;
				CLANG_WARN_OBJC_ROOT_CLASS = YES_ERROR;
				CLANG_WARN_QUOTED_INCLUDE_IN_FRAMEWORK_HEADER = YES;
				CLANG_WARN_RANGE_LOOP_ANALYSIS = YES;
				CLANG_WARN_STRICT_PROTOTYPES = YES;
				CLANG_WARN_SUSPICIOUS_MOVE = YES;
				CLANG_WARN_UNGUARDED_AVAILABILITY = YES_AGGRESSIVE;
				CLANG_WARN_UNREACHABLE_CODE = YES;
				CLANG_WARN__DUPLICATE_METHOD_MATCH = YES;
				COPY_PHASE_STRIP = NO;
				DEBUG_INFORMATION_FORMAT = dwarf;
				DEVELOPMENT_TEAM = 464K68LZZV;
				ENABLE_STRICT_OBJC_MSGSEND = YES;
				ENABLE_TESTABILITY = YES;
				ENABLE_USER_SCRIPT_SANDBOXING = YES;
				GCC_C_LANGUAGE_STANDARD = gnu17;
				GCC_DYNAMIC_NO_PIC = NO;
				GCC_NO_COMMON_BLOCKS = YES;
				GCC_OPTIMIZATION_LEVEL = 0;
				GCC_PREPROCESSOR_DEFINITIONS = (
					"DEBUG=1",
					"$(inherited)",
				);
				GCC_WARN_64_TO_32_BIT_CONVERSION = YES;
				GCC_WARN_ABOUT_RETURN_TYPE = YES_ERROR;
				GCC_WARN_UNDECLARED_SELECTOR = YES;
				GCC_WARN_UNINITIALIZED_AUTOS = YES_AGGRESSIVE;
				GCC_WARN_UNUSED_FUNCTION = YES;
				GCC_WARN_UNUSED_VARIABLE = YES;
				IPHONEOS_DEPLOYMENT_TARGET = 17.0;
				LOCALIZATION_PREFERS_STRING_CATALOGS = YES;
				MTL_ENABLE_DEBUG_INFO = INCLUDE_SOURCE;
				MTL_FAST_MATH = YES;
				ONLY_ACTIVE_ARCH = NO;
				SDKROOT = iphoneos;
				STRING_CATALOG_GENERATE_SYMBOLS = YES;
				SWIFT_ACTIVE_COMPILATION_CONDITIONS = "DEBUG $(inherited)";
				SWIFT_OPTIMIZATION_LEVEL = "-Onone";
			};
			name = Debug;
		};
		701 /* Release */ = {
			isa = XCBuildConfiguration;
			buildSettings = {
				ALWAYS_SEARCH_USER_PATHS = NO;
				ASSETCATALOG_COMPILER_GENERATE_SWIFT_ASSET_SYMBOL_EXTENSIONS = YES;
				CLANG_ANALYZER_NONNULL = YES;
				CLANG_ANALYZER_NUMBER_OBJECT_CONVERSION = YES_AGGRESSIVE;
				CLANG_CXX_LANGUAGE_STANDARD = "gnu++20";
				CLANG_ENABLE_MODULES = YES;
				CLANG_ENABLE_OBJC_ARC = YES;
				CLANG_ENABLE_OBJC_WEAK = YES;
				CLANG_WARN_BLOCK_CAPTURE_AUTORELEASING = YES;
				CLANG_WARN_BOOL_CONVERSION = YES;
				CLANG_WARN_COMMA = YES;
				CLANG_WARN_CONSTANT_CONVERSION = YES;
				CLANG_WARN_DEPRECATED_OBJC_IMPLEMENTATIONS = YES;
				CLANG_WARN_DIRECT_OBJC_ISA_USAGE = YES_ERROR;
				CLANG_WARN_DOCUMENTATION_COMMENTS = YES;
				CLANG_WARN_EMPTY_BODY = YES;
				CLANG_WARN_ENUM_CONVERSION = YES;
				CLANG_WARN_INFINITE_RECURSION = YES;
				CLANG_WARN_INT_CONVERSION = YES;
				CLANG_WARN_NON_LITERAL_NULL_CONVERSION = YES;
				CLANG_WARN_OBJC_IMPLICIT_RETAIN_SELF = YES;
				CLANG_WARN_OBJC_LITERAL_CONVERSION = YES;
				CLANG_WARN_OBJC_ROOT_CLASS = YES_ERROR;
				CLANG_WARN_QUOTED_INCLUDE_IN_FRAMEWORK_HEADER = YES;
				CLANG_WARN_RANGE_LOOP_ANALYSIS = YES;
				CLANG_WARN_STRICT_PROTOTYPES = YES;
				CLANG_WARN_SUSPICIOUS_MOVE = YES;
				CLANG_WARN_UNGUARDED_AVAILABILITY = YES_AGGRESSIVE;
				CLANG_WARN_UNREACHABLE_CODE = YES;
				CLANG_WARN__DUPLICATE_METHOD_MATCH = YES;
				COPY_PHASE_STRIP = NO;
				DEBUG_INFORMATION_FORMAT = "dwarf-with-dsym";
				DEVELOPMENT_TEAM = 464K68LZZV;
				ENABLE_NS_ASSERTIONS = NO;
				ENABLE_STRICT_OBJC_MSGSEND = YES;
				ENABLE_USER_SCRIPT_SANDBOXING = YES;
				GCC_C_LANGUAGE_STANDARD = gnu17;
				GCC_NO_COMMON_BLOCKS = YES;
				GCC_WARN_64_TO_32_BIT_CONVERSION = YES;
				GCC_WARN_ABOUT_RETURN_TYPE = YES_ERROR;
				GCC_WARN_UNDECLARED_SELECTOR = YES;
				GCC_WARN_UNINITIALIZED_AUTOS = YES_AGGRESSIVE;
				GCC_WARN_UNUSED_FUNCTION = YES;
				GCC_WARN_UNUSED_VARIABLE = YES;
				IPHONEOS_DEPLOYMENT_TARGET = 17.0;
				LOCALIZATION_PREFERS_STRING_CATALOGS = YES;
				MTL_ENABLE_DEBUG_INFO = NO;
				MTL_FAST_MATH = YES;
				ONLY_ACTIVE_ARCH = YES;
				SDKROOT = iphoneos;
				STRING_CATALOG_GENERATE_SYMBOLS = YES;
				SWIFT_COMPILATION_MODE = wholemodule;
				VALIDATE_PRODUCT = YES;
			};
			name = Release;
		};
		702 /* Debug */ = {
			isa = XCBuildConfiguration;
			buildSettings = {
				ASSETCATALOG_COMPILER_APPICON_NAME = AppIcon;
				ASSETCATALOG_COMPILER_GLOBAL_ACCENT_COLOR_NAME = AccentColor;
				CODE_SIGN_ENTITLEMENTS = GripGainsCompanion/GripGainsCompanion.entitlements;
				CODE_SIGN_STYLE = Automatic;
				CURRENT_PROJECT_VERSION = 2;
				ENABLE_PREVIEWS = YES;
				GENERATE_INFOPLIST_FILE = YES;
				INFOPLIST_FILE = GripGainsCompanion/Info.plist;
				INFOPLIST_KEY_CFBundleDisplayName = "Grip Gains Unofficial Companion";
				INFOPLIST_KEY_ITSAppUsesNonExemptEncryption = NO;
				INFOPLIST_KEY_NSBluetoothAlwaysUsageDescription = "Grip Gains Companion connects to your Tindeq Progressor to measure grip force during training sessions.";
				INFOPLIST_KEY_NSBluetoothPeripheralUsageDescription = "Grip Gains Companion needs Bluetooth to communicate with your Tindeq Progressor device.";
				INFOPLIST_KEY_NSSupportsLiveActivities = YES;
				INFOPLIST_KEY_UIApplicationSceneManifest_Generation = YES;
				INFOPLIST_KEY_UIApplicationSupportsIndirectInputEvents = YES;
				INFOPLIST_KEY_UILaunchScreen_Generation = YES;
				INFOPLIST_KEY_UISupportedInterfaceOrientations_iPad = "UIInterfaceOrientationPortrait UIInterfaceOrientationPortraitUpsideDown UIInterfaceOrientationLandscapeLeft UIInterfaceOrientationLandscapeRight";
				INFOPLIST_KEY_UISupportedInterfaceOrientations_iPhone = "UIInterfaceOrientationPortrait UIInterfaceOrientationLandscapeLeft UIInterfaceOrientationLandscapeRight";
				LD_RUNPATH_SEARCH_PATHS = (
					"$(inherited)",
					"@executable_path/Frameworks",
				);
				MARKETING_VERSION = 1.1;
				PRODUCT_BUNDLE_IDENTIFIER = com.gripgains.companion;
				PRODUCT_NAME = "$(TARGET_NAME)";
				SWIFT_EMIT_LOC_STRINGS = YES;
				SWIFT_VERSION = 5.0;
				TARGETED_DEVICE_FAMILY = "1,2";
			};
			name = Debug;
		};
		703 /* Release */ = {
			isa = XCBuildConfiguration;
			buildSettings = {
				ASSETCATALOG_COMPILER_APPICON_NAME = AppIcon;
				ASSETCATALOG_COMPILER_GLOBAL_ACCENT_COLOR_NAME = AccentColor;
				CODE_SIGN_ENTITLEMENTS = GripGainsCompanion/GripGainsCompanion.entitlements;
				CODE_SIGN_STYLE = Automatic;
				CURRENT_PROJECT_VERSION = 2;
				ENABLE_PREVIEWS = YES;
				GENERATE_INFOPLIST_FILE = YES;
				INFOPLIST_FILE = GripGainsCompanion/Info.plist;
				INFOPLIST_KEY_CFBundleDisplayName = "Grip Gains Unofficial Companion";
				INFOPLIST_KEY_ITSAppUsesNonExemptEncryption = NO;
				INFOPLIST_KEY_NSBluetoothAlwaysUsageDescription = "Grip Gains Companion connects to your Tindeq Progressor to measure grip force during training sessions.";
				INFOPLIST_KEY_NSBluetoothPeripheralUsageDescription = "Grip Gains Companion needs Bluetooth to communicate with your Tindeq Progressor device.";
				INFOPLIST_KEY_NSSupportsLiveActivities = YES;
				INFOPLIST_KEY_UIApplicationSceneManifest_Generation = YES;
				INFOPLIST_KEY_UIApplicationSupportsIndirectInputEvents = YES;
				INFOPLIST_KEY_UILaunchScreen_Generation = YES;
				INFOPLIST_KEY_UISupportedInterfaceOrientations_iPad = "UIInterfaceOrientationPortrait UIInterfaceOrientationPortraitUpsideDown UIInterfaceOrientationLandscapeLeft UIInterfaceOrientationLandscapeRight";
				INFOPLIST_KEY_UISupportedInterfaceOrientations_iPhone = "UIInterfaceOrientationPortrait UIInterfaceOrientationLandscapeLeft UIInterfaceOrientationLandscapeRight";
				LD_RUNPATH_SEARCH_PATHS = (
					"$(inherited)",
					"@executable_path/Frameworks",
				);
				MARKETING_VERSION = 1.1;
				PRODUCT_BUNDLE_IDENTIFIER = com.gripgains.companion;
				PRODUCT_NAME = "$(TARGET_NAME)";
				SWIFT_EMIT_LOC_STRINGS = YES;
				SWIFT_VERSION = 5.0;
				TARGETED_DEVICE_FAMILY = "1,2";
			};
			name = Release;
		};
		7EEE2C052EF56E9900FD9EF1 /* Debug */ = {
			isa = XCBuildConfiguration;
			buildSettings = {
				ASSETCATALOG_COMPILER_GLOBAL_ACCENT_COLOR_NAME = AccentColor;
				ASSETCATALOG_COMPILER_WIDGET_BACKGROUND_COLOR_NAME = WidgetBackground;
				CODE_SIGN_STYLE = Automatic;
				CURRENT_PROJECT_VERSION = 2;
				GENERATE_INFOPLIST_FILE = YES;
				INFOPLIST_FILE = GripGainsTimerWidget/Info.plist;
				INFOPLIST_KEY_CFBundleDisplayName = GripGainsTimerWidget;
				INFOPLIST_KEY_NSHumanReadableCopyright = "";
				IPHONEOS_DEPLOYMENT_TARGET = 17.0;
				LD_RUNPATH_SEARCH_PATHS = (
					"$(inherited)",
					"@executable_path/Frameworks",
					"@executable_path/../../Frameworks",
				);
				MARKETING_VERSION = 1.1;
				ONLY_ACTIVE_ARCH = YES;
				PRODUCT_BUNDLE_IDENTIFIER = com.gripgains.companion.GripGainsTimerWidget;
				PRODUCT_NAME = "$(TARGET_NAME)";
				SKIP_INSTALL = YES;
				STRING_CATALOG_GENERATE_SYMBOLS = YES;
				SWIFT_APPROACHABLE_CONCURRENCY = YES;
				SWIFT_EMIT_LOC_STRINGS = YES;
				SWIFT_UPCOMING_FEATURE_MEMBER_IMPORT_VISIBILITY = YES;
				SWIFT_VERSION = 5.0;
				TARGETED_DEVICE_FAMILY = "1,2";
			};
			name = Debug;
		};
		7EEE2C062EF56E9900FD9EF1 /* Release */ = {
			isa = XCBuildConfiguration;
			buildSettings = {
				ASSETCATALOG_COMPILER_GLOBAL_ACCENT_COLOR_NAME = AccentColor;
				ASSETCATALOG_COMPILER_WIDGET_BACKGROUND_COLOR_NAME = WidgetBackground;
				CODE_SIGN_STYLE = Automatic;
				CURRENT_PROJECT_VERSION = 2;
				GENERATE_INFOPLIST_FILE = YES;
				INFOPLIST_FILE = GripGainsTimerWidget/Info.plist;
				INFOPLIST_KEY_CFBundleDisplayName = GripGainsTimerWidget;
				INFOPLIST_KEY_NSHumanReadableCopyright = "";
				IPHONEOS_DEPLOYMENT_TARGET = 17.0;
				LD_RUNPATH_SEARCH_PATHS = (
					"$(inherited)",
					"@executable_path/Frameworks",
					"@executable_path/../../Frameworks",
				);
				MARKETING_VERSION = 1.1;
				PRODUCT_BUNDLE_IDENTIFIER = com.gripgains.companion.GripGainsTimerWidget;
				PRODUCT_NAME = "$(TARGET_NAME)";
				SKIP_INSTALL = YES;
				STRING_CATALOG_GENERATE_SYMBOLS = YES;
				SWIFT_APPROACHABLE_CONCURRENCY = YES;
				SWIFT_EMIT_LOC_STRINGS = YES;
				SWIFT_UPCOMING_FEATURE_MEMBER_IMPORT_VISIBILITY = YES;
				SWIFT_VERSION = 5.0;
				TARGETED_DEVICE_FAMILY = "1,2";
			};
			name = Release;
		};
		T702 /* Debug */ = {
			isa = XCBuildConfiguration;
			buildSettings = {
				BUNDLE_LOADER = "$(TEST_HOST)";
				CODE_SIGN_STYLE = Automatic;
				CURRENT_PROJECT_VERSION = 1;
				GENERATE_INFOPLIST_FILE = YES;
				IPHONEOS_DEPLOYMENT_TARGET = 17.0;
				MARKETING_VERSION = 1.0;
				PRODUCT_BUNDLE_IDENTIFIER = com.gripgains.companion.tests;
				PRODUCT_NAME = "$(TARGET_NAME)";
				SWIFT_EMIT_LOC_STRINGS = NO;
				SWIFT_VERSION = 5.0;
				TARGETED_DEVICE_FAMILY = "1,2";
				TEST_HOST = "$(BUILT_PRODUCTS_DIR)/GripGainsCompanion.app/$(BUNDLE_EXECUTABLE_FOLDER_PATH)/GripGainsCompanion";
			};
			name = Debug;
		};
		T703 /* Release */ = {
			isa = XCBuildConfiguration;
			buildSettings = {
				BUNDLE_LOADER = "$(TEST_HOST)";
				CODE_SIGN_STYLE = Automatic;
				CURRENT_PROJECT_VERSION = 1;
				GENERATE_INFOPLIST_FILE = YES;
				IPHONEOS_DEPLOYMENT_TARGET = 17.0;
				MARKETING_VERSION = 1.0;
				PRODUCT_BUNDLE_IDENTIFIER = com.gripgains.companion.tests;
				PRODUCT_NAME = "$(TARGET_NAME)";
				SWIFT_EMIT_LOC_STRINGS = NO;
				SWIFT_VERSION = 5.0;
				TARGETED_DEVICE_FAMILY = "1,2";
				TEST_HOST = "$(BUILT_PRODUCTS_DIR)/GripGainsCompanion.app/$(BUNDLE_EXECUTABLE_FOLDER_PATH)/GripGainsCompanion";
			};
			name = Release;
		};
/* End XCBuildConfiguration section */

/* Begin XCConfigurationList section */
		500 /* Build configuration list for PBXNativeTarget "GripGainsCompanion" */ = {
			isa = XCConfigurationList;
			buildConfigurations = (
				702 /* Debug */,
				703 /* Release */,
			);
			defaultConfigurationIsVisible = 0;
			defaultConfigurationName = Release;
		};
		601 /* Build configuration list for PBXProject "GripGainsCompanion" */ = {
			isa = XCConfigurationList;
			buildConfigurations = (
				700 /* Debug */,
				701 /* Release */,
			);
			defaultConfigurationIsVisible = 0;
			defaultConfigurationName = Release;
		};
		7EEE2C042EF56E9900FD9EF1 /* Build configuration list for PBXNativeTarget "GripGainsTimerWidgetExtension" */ = {
			isa = XCConfigurationList;
			buildConfigurations = (
				7EEE2C052EF56E9900FD9EF1 /* Debug */,
				7EEE2C062EF56E9900FD9EF1 /* Release */,
			);
			defaultConfigurationIsVisible = 0;
			defaultConfigurationName = Release;
		};
		T500 /* Build configuration list for PBXNativeTarget "GripGainsCompanionTests" */ = {
			isa = XCConfigurationList;
			buildConfigurations = (
				T702 /* Debug */,
				T703 /* Release */,
			);
			defaultConfigurationIsVisible = 0;
			defaultConfigurationName = Release;
		};
/* End XCConfigurationList section */
	};
	rootObject = 600 /* Project object */;
}
